{
  "version": "4",
  "specifiers": {
    "npm:@rmrk-team/evm-contracts@2.5.6": "2.5.6"
  },
  "npm": {
    "@openzeppelin/contracts@5.1.0": {
      "integrity": "sha512-p1ULhl7BXzjjbha5aqst+QMLY+4/LCWADXOCsmLHRM77AqiPjnd9vvUN9sosUfhL9JGKpZ0TjEGxgvnizmWGSA=="
    },
    "@rmrk-team/evm-contracts@2.5.6": {
      "integrity": "sha512-/kByo14dQcaxzRP0ANQbdDpAS9sEIIszwfR8nC0gzmN9LhywSbhX1qxs+grcXmcnM7bd416qG+lijC8yVAmbUg==",
      "dependencies": [
        "@openzeppelin/contracts"
      ]
    }
  },
  "workspace": {
    "packageJson": {
      "dependencies": [
        "npm:@rmrk-team/evm-contracts@2.5.6"
      ]
    }
  }
}
